
Microsoft Visual Studio Solution File, Format Version 12.00
# Visual Studio Version 16
VisualStudioVersion = 16.0.29009.5
MinimumVisualStudioVersion = 10.0.40219.1
Project("{FAE04EC0-301F-11D3-BF4B-00C04F79EFBC}") = "DIAutowiredExtensions", "DIAutowiredExtensions\DIAutowiredExtensions.csproj", "{DDE5F864-CC80-4483-964B-C7FE1627D8BA}"
EndProject
Global
	GlobalSection(SolutionConfigurationPlatforms) = preSolution
		Debug|Any CPU = Debug|Any CPU
		Release|Any CPU = Release|Any CPU
	EndGlobalSection
	GlobalSection(ProjectConfigurationPlatforms) = postSolution
		{DDE5F864-CC80-4483-964B-C7FE1627D8BA}.Debug|Any CPU.ActiveCfg = Debug|Any CPU
		{DDE5F864-CC80-4483-964B-C7FE1627D8BA}.Debug|Any CPU.Build.0 = Debug|Any CPU
		{DDE5F864-CC80-4483-964B-C7FE1627D8BA}.Release|Any CPU.ActiveCfg = Release|Any CPU
		{DDE5F864-CC80-4483-964B-C7FE1627D8BA}.Release|Any CPU.Build.0 = Release|Any CPU
	EndGlobalSection
	GlobalSection(SolutionProperties) = preSolution
		HideSolutionNode = FALSE
	EndGlobalSection
	GlobalSection(ExtensibilityGlobals) = postSolution
		SolutionGuid = {97695C3C-D643-41EC-A9A9-CFD9BFA6FA97}
	EndGlobalSection
EndGlobal
